
Microsoft Visual Studio Solution File, Format Version 12.00
# Visual Studio Version 17
VisualStudioVersion = 17.14.36414.22 d17.14
MinimumVisualStudioVersion = 10.0.40219.1
Project("{FAE04EC0-301F-11D3-BF4B-00C04F79EFBC}") = "game-10003-A1-AMallozzi-code", "game-10003-A1-AMallozzi-code\game-10003-A1-AMallozzi-code.csproj", "{54E7AE9C-C0A8-415A-9E3A-A44C52071D93}"
EndProject
Global
	GlobalSection(SolutionConfigurationPlatforms) = preSolution
		Debug|Any CPU = Debug|Any CPU
		Release|Any CPU = Release|Any CPU
	EndGlobalSection
	GlobalSection(ProjectConfigurationPlatforms) = postSolution
		{54E7AE9C-C0A8-415A-9E3A-A44C52071D93}.Debug|Any CPU.ActiveCfg = Debug|Any CPU
		{54E7AE9C-C0A8-415A-9E3A-A44C52071D93}.Debug|Any CPU.Build.0 = Debug|Any CPU
		{54E7AE9C-C0A8-415A-9E3A-A44C52071D93}.Release|Any CPU.ActiveCfg = Release|Any CPU
		{54E7AE9C-C0A8-415A-9E3A-A44C52071D93}.Release|Any CPU.Build.0 = Release|Any CPU
	EndGlobalSection
	GlobalSection(SolutionProperties) = preSolution
		HideSolutionNode = FALSE
	EndGlobalSection
	GlobalSection(ExtensibilityGlobals) = postSolution
		SolutionGuid = {B29B708F-F8B5-4349-BCBC-B60893B357FF}
	EndGlobalSection
EndGlobal
